github.com/apple/foundationdb/bindings/go v0.0.0-20190930202504-1f6af42a484e h1:RnUQlJvO1Hw/zghCZHPmTdbKDIQ7EWj0wfCACftXWTU=
github.com/apple/foundationdb/bindings/go v0.0.0-20190930202504-1f6af42a484e/go.mod h1:OMVSB21p9+xQUIqlGizHPZfjK+SHws1ht+ZytVDoz9U=
github.com/fatih/color v1.7.0 h1:DkWD4oS2D8LGGgTQ6IvwJJXSL5Vp2ffcQg58nFV38Ys=
github.com/fatih/color v1.7.0/go.mod h1:Zm6kSWBoL9eyXnKyktHP6abPY2pDugNf5KwzbycvMj4=
github.com/mattn/go-colorable v0.0.9 h1:UVL0vNpWh04HeJXV0KLcaT7r06gOH2l4OW6ddYRUIY4=
github.com/mattn/go-colorable v0.0.9/go.mod h1:9vuHe8Xs5qXnSaW/c/ABM9alt+Vo+STaOChaDxuIBZU=
github.com/mattn/go-isatty v0.0.4 h1:bnP0vzxcAdeI1zdubAl5PjU6zsERjGZb7raWodagDYs=
github.com/mattn/go-isatty v0.0.4/go.mod h1:M+lRXTBqGeGNdLjl/ufCoiOlB5xdOkqRJdNxMWT7Zi4=
go.coder.com/flog v0.0.0-20190906214207-47dd47ea0512 h1:DjCS6dRQh+1PlfiBmnabxfdrzenb0tAwJqFxDEH/s9g=
go.coder.com/flog v0.0.0-20190906214207-47dd47ea0512/go.mod h1:83JsYgXYv0EOaXjIMnaZ1Fl6ddNB3fJnDZ/8845mUJ8=
golang.org/x/sys v0.1.0 h1:kunALQeHf1/185U1i0GOB/fy1IPRDDpuoOOqRReG57U=
golang.org/x/sys v0.1.0/go.mod h1:oPkhp1MJrh7nUepCBck5+mAzfO9JrbApNNgaTdGDITg=
